
Microsoft Visual Studio Solution File, Format Version 12.00
# Visual Studio 2012
Project("{E24C65DC-7377-472B-9ABA-BC803B73C61A}") = "Export", ".", "{AA04D619-A86E-467E-9596-0DA019C0DEC9}"
	ProjectSection(WebsiteProperties) = preProject
		TargetFrameworkMoniker = ".NETFramework,Version%3Dv4.0"
		Debug.AspNetCompiler.VirtualPath = "/Export"
		Debug.AspNetCompiler.PhysicalPath = "F:\CadastroCartorios\Export\"
		Debug.AspNetCompiler.TargetPath = "PrecompiledWeb\Export\"
		Debug.AspNetCompiler.Updateable = "true"
		Debug.AspNetCompiler.ForceOverwrite = "true"
		Debug.AspNetCompiler.FixedNames = "false"
		Debug.AspNetCompiler.Debug = "True"
		Release.AspNetCompiler.VirtualPath = "/Export"
		Release.AspNetCompiler.PhysicalPath = "F:\CadastroCartorios\Export\"
		Release.AspNetCompiler.TargetPath = "PrecompiledWeb\Export\"
		Release.AspNetCompiler.Updateable = "true"
		Release.AspNetCompiler.ForceOverwrite = "true"
		Release.AspNetCompiler.FixedNames = "false"
		Release.AspNetCompiler.Debug = "False"
		VWDPort = "2684"
	EndProjectSection
EndProject
Global
	GlobalSection(SolutionConfigurationPlatforms) = preSolution
		Debug|Any CPU = Debug|Any CPU
	EndGlobalSection
	GlobalSection(ProjectConfigurationPlatforms) = postSolution
		{AA04D619-A86E-467E-9596-0DA019C0DEC9}.Debug|Any CPU.ActiveCfg = Debug|Any CPU
		{AA04D619-A86E-467E-9596-0DA019C0DEC9}.Debug|Any CPU.Build.0 = Debug|Any CPU
	EndGlobalSection
	GlobalSection(SolutionProperties) = preSolution
		HideSolutionNode = FALSE
	EndGlobalSection
EndGlobal
